
Microsoft Visual Studio Solution File, Format Version 11.00
# Visual Studio 2010
Project("{FAE04EC0-301F-11D3-BF4B-00C04F79EFBC}") = "Communication.Interface", "CommunicationInterface\Communication.Interface.csproj", "{DE0D2D05-8579-4049-BB9C-34297E292F8C}"
EndProject
Project("{FAE04EC0-301F-11D3-BF4B-00C04F79EFBC}") = "Communication.Interface.Launcher", "CommLauncher\Communication.Interface.Launcher.csproj", "{AB6D8CF1-98F1-4833-B210-39CB83880F2E}"
EndProject
Project("{FAE04EC0-301F-11D3-BF4B-00C04F79EFBC}") = "Communication.Interface.Test", "CommunicationInterfaceTest\Communication.Interface.Test.csproj", "{A1D3877B-1AB5-4842-8F68-1D6F7CB81A03}"
EndProject
Project("{FAE04EC0-301F-11D3-BF4B-00C04F79EFBC}") = "Layer2Telnet", "Layer2Telnet\Layer2Telnet.csproj", "{6563F429-C7D1-4EF8-A017-BC1BF8727828}"
EndProject
Global
	GlobalSection(SolutionConfigurationPlatforms) = preSolution
		Debug|Any CPU = Debug|Any CPU
		Debug|Mixed Platforms = Debug|Mixed Platforms
		Debug|x86 = Debug|x86
		Release|Any CPU = Release|Any CPU
		Release|Mixed Platforms = Release|Mixed Platforms
		Release|x86 = Release|x86
	EndGlobalSection
	GlobalSection(ProjectConfigurationPlatforms) = postSolution
		{DE0D2D05-8579-4049-BB9C-34297E292F8C}.Debug|Any CPU.ActiveCfg = Debug|Any CPU
		{DE0D2D05-8579-4049-BB9C-34297E292F8C}.Debug|Any CPU.Build.0 = Debug|Any CPU
		{DE0D2D05-8579-4049-BB9C-34297E292F8C}.Debug|Mixed Platforms.ActiveCfg = Debug|Any CPU
		{DE0D2D05-8579-4049-BB9C-34297E292F8C}.Debug|Mixed Platforms.Build.0 = Debug|Any CPU
		{DE0D2D05-8579-4049-BB9C-34297E292F8C}.Debug|x86.ActiveCfg = Debug|Any CPU
		{DE0D2D05-8579-4049-BB9C-34297E292F8C}.Release|Any CPU.ActiveCfg = Release|Any CPU
		{DE0D2D05-8579-4049-BB9C-34297E292F8C}.Release|Any CPU.Build.0 = Release|Any CPU
		{DE0D2D05-8579-4049-BB9C-34297E292F8C}.Release|Mixed Platforms.ActiveCfg = Release|Any CPU
		{DE0D2D05-8579-4049-BB9C-34297E292F8C}.Release|Mixed Platforms.Build.0 = Release|Any CPU
		{DE0D2D05-8579-4049-BB9C-34297E292F8C}.Release|x86.ActiveCfg = Release|Any CPU
		{AB6D8CF1-98F1-4833-B210-39CB83880F2E}.Debug|Any CPU.ActiveCfg = Debug|x86
		{AB6D8CF1-98F1-4833-B210-39CB83880F2E}.Debug|Mixed Platforms.ActiveCfg = Debug|x86
		{AB6D8CF1-98F1-4833-B210-39CB83880F2E}.Debug|Mixed Platforms.Build.0 = Debug|x86
		{AB6D8CF1-98F1-4833-B210-39CB83880F2E}.Debug|x86.ActiveCfg = Debug|x86
		{AB6D8CF1-98F1-4833-B210-39CB83880F2E}.Debug|x86.Build.0 = Debug|x86
		{AB6D8CF1-98F1-4833-B210-39CB83880F2E}.Release|Any CPU.ActiveCfg = Release|x86
		{AB6D8CF1-98F1-4833-B210-39CB83880F2E}.Release|Mixed Platforms.ActiveCfg = Release|x86
		{AB6D8CF1-98F1-4833-B210-39CB83880F2E}.Release|Mixed Platforms.Build.0 = Release|x86
		{AB6D8CF1-98F1-4833-B210-39CB83880F2E}.Release|x86.ActiveCfg = Release|x86
		{AB6D8CF1-98F1-4833-B210-39CB83880F2E}.Release|x86.Build.0 = Release|x86
		{A1D3877B-1AB5-4842-8F68-1D6F7CB81A03}.Debug|Any CPU.ActiveCfg = Debug|x86
		{A1D3877B-1AB5-4842-8F68-1D6F7CB81A03}.Debug|Mixed Platforms.ActiveCfg = Debug|x86
		{A1D3877B-1AB5-4842-8F68-1D6F7CB81A03}.Debug|Mixed Platforms.Build.0 = Debug|x86
		{A1D3877B-1AB5-4842-8F68-1D6F7CB81A03}.Debug|x86.ActiveCfg = Debug|x86
		{A1D3877B-1AB5-4842-8F68-1D6F7CB81A03}.Debug|x86.Build.0 = Debug|x86
		{A1D3877B-1AB5-4842-8F68-1D6F7CB81A03}.Release|Any CPU.ActiveCfg = Release|x86
		{A1D3877B-1AB5-4842-8F68-1D6F7CB81A03}.Release|Mixed Platforms.ActiveCfg = Release|x86
		{A1D3877B-1AB5-4842-8F68-1D6F7CB81A03}.Release|Mixed Platforms.Build.0 = Release|x86
		{A1D3877B-1AB5-4842-8F68-1D6F7CB81A03}.Release|x86.ActiveCfg = Release|x86
		{A1D3877B-1AB5-4842-8F68-1D6F7CB81A03}.Release|x86.Build.0 = Release|x86
		{6563F429-C7D1-4EF8-A017-BC1BF8727828}.Debug|Any CPU.ActiveCfg = Debug|Any CPU
		{6563F429-C7D1-4EF8-A017-BC1BF8727828}.Debug|Any CPU.Build.0 = Debug|Any CPU
		{6563F429-C7D1-4EF8-A017-BC1BF8727828}.Debug|Mixed Platforms.ActiveCfg = Debug|Any CPU
		{6563F429-C7D1-4EF8-A017-BC1BF8727828}.Debug|Mixed Platforms.Build.0 = Debug|Any CPU
		{6563F429-C7D1-4EF8-A017-BC1BF8727828}.Debug|x86.ActiveCfg = Debug|Any CPU
		{6563F429-C7D1-4EF8-A017-BC1BF8727828}.Release|Any CPU.ActiveCfg = Release|Any CPU
		{6563F429-C7D1-4EF8-A017-BC1BF8727828}.Release|Any CPU.Build.0 = Release|Any CPU
		{6563F429-C7D1-4EF8-A017-BC1BF8727828}.Release|Mixed Platforms.ActiveCfg = Release|Any CPU
		{6563F429-C7D1-4EF8-A017-BC1BF8727828}.Release|Mixed Platforms.Build.0 = Release|Any CPU
		{6563F429-C7D1-4EF8-A017-BC1BF8727828}.Release|x86.ActiveCfg = Release|Any CPU
	EndGlobalSection
	GlobalSection(SolutionProperties) = preSolution
		HideSolutionNode = FALSE
	EndGlobalSection
EndGlobal
